{
  "name": "vite-plugin-chinese-converter",
  "version": "1.0.4",
  "lockfileVersion": 4,
  "requires": true,
  "packages": {
    "": {
      "name": "vite-plugin-chinese-converter",
      "version": "1.0.4",
      "license": "MIT",
      "dependencies": {
        "opencc-js": "^1.0.5"
      }
    },
    "node_modules/opencc-js": {
      "version": "1.0.5",
      "resolved": "https://registry.npmjs.org/opencc-js/-/opencc-js-1.0.5.tgz",
      "integrity": "sha512-LD+1SoNnZdlRwtYTjnQdFrSVCAaYpuDqL5CkmOaHOkKoKh7mFxUicLTRVNLU5C+Jmi1vXQ3QL4jWdgSaa4sKjg==",
      "license": "MIT"
    }
  }
}